
Microsoft Visual Studio Solution File, Format Version 12.00
# Visual Studio Version 16
Project("{8BC9CEB8-8B4A-11D0-8D11-00A0C91BC942}") = "ALL_BUILD", "ALL_BUILD.vcxproj", "{5BCB3D82-ED32-3316-9F69-2049B3FA672F}"
	ProjectSection(ProjectDependencies) = postProject
		{2A2A57C7-6F3B-3B15-9527-9018549701BA} = {2A2A57C7-6F3B-3B15-9527-9018549701BA}
		{CE1ED9B6-513F-3174-84A7-34CBA78B820D} = {CE1ED9B6-513F-3174-84A7-34CBA78B820D}
	EndProjectSection
EndProject
Project("{8BC9CEB8-8B4A-11D0-8D11-00A0C91BC942}") = "INSTALL", "INSTALL.vcxproj", "{98BC343D-7451-32B8-95E8-1448ECD5888B}"
	ProjectSection(ProjectDependencies) = postProject
		{5BCB3D82-ED32-3316-9F69-2049B3FA672F} = {5BCB3D82-ED32-3316-9F69-2049B3FA672F}
		{2A2A57C7-6F3B-3B15-9527-9018549701BA} = {2A2A57C7-6F3B-3B15-9527-9018549701BA}
	EndProjectSection
EndProject
Project("{8BC9CEB8-8B4A-11D0-8D11-00A0C91BC942}") = "ZERO_CHECK", "..\..\..\\ZERO_CHECK.vcxproj", "{2A2A57C7-6F3B-3B15-9527-9018549701BA}"
	ProjectSection(ProjectDependencies) = postProject
	EndProjectSection
EndProject
Project("{8BC9CEB8-8B4A-11D0-8D11-00A0C91BC942}") = "example_list_adapters", "example_list_adapters.vcxproj", "{CE1ED9B6-513F-3174-84A7-34CBA78B820D}"
	ProjectSection(ProjectDependencies) = postProject
		{2A2A57C7-6F3B-3B15-9527-9018549701BA} = {2A2A57C7-6F3B-3B15-9527-9018549701BA}
		{C12F420E-6D2E-3AE1-AB26-2BA7EEB40D90} = {C12F420E-6D2E-3AE1-AB26-2BA7EEB40D90}
	EndProjectSection
EndProject
Project("{8BC9CEB8-8B4A-11D0-8D11-00A0C91BC942}") = "simpleble", "..\..\..\simpleble\simpleble.vcxproj", "{C12F420E-6D2E-3AE1-AB26-2BA7EEB40D90}"
	ProjectSection(ProjectDependencies) = postProject
		{2A2A57C7-6F3B-3B15-9527-9018549701BA} = {2A2A57C7-6F3B-3B15-9527-9018549701BA}
	EndProjectSection
EndProject
Global
	GlobalSection(SolutionConfigurationPlatforms) = preSolution
		Debug|x64 = Debug|x64
		Release|x64 = Release|x64
		MinSizeRel|x64 = MinSizeRel|x64
		RelWithDebInfo|x64 = RelWithDebInfo|x64
	EndGlobalSection
	GlobalSection(ProjectConfigurationPlatforms) = postSolution
		{5BCB3D82-ED32-3316-9F69-2049B3FA672F}.Debug|x64.ActiveCfg = Debug|x64
		{5BCB3D82-ED32-3316-9F69-2049B3FA672F}.Debug|x64.Build.0 = Debug|x64
		{5BCB3D82-ED32-3316-9F69-2049B3FA672F}.Release|x64.ActiveCfg = Release|x64
		{5BCB3D82-ED32-3316-9F69-2049B3FA672F}.Release|x64.Build.0 = Release|x64
		{5BCB3D82-ED32-3316-9F69-2049B3FA672F}.MinSizeRel|x64.ActiveCfg = MinSizeRel|x64
		{5BCB3D82-ED32-3316-9F69-2049B3FA672F}.MinSizeRel|x64.Build.0 = MinSizeRel|x64
		{5BCB3D82-ED32-3316-9F69-2049B3FA672F}.RelWithDebInfo|x64.ActiveCfg = RelWithDebInfo|x64
		{5BCB3D82-ED32-3316-9F69-2049B3FA672F}.RelWithDebInfo|x64.Build.0 = RelWithDebInfo|x64
		{98BC343D-7451-32B8-95E8-1448ECD5888B}.Debug|x64.ActiveCfg = Debug|x64
		{98BC343D-7451-32B8-95E8-1448ECD5888B}.Release|x64.ActiveCfg = Release|x64
		{98BC343D-7451-32B8-95E8-1448ECD5888B}.MinSizeRel|x64.ActiveCfg = MinSizeRel|x64
		{98BC343D-7451-32B8-95E8-1448ECD5888B}.RelWithDebInfo|x64.ActiveCfg = RelWithDebInfo|x64
		{2A2A57C7-6F3B-3B15-9527-9018549701BA}.Debug|x64.ActiveCfg = Debug|x64
		{2A2A57C7-6F3B-3B15-9527-9018549701BA}.Debug|x64.Build.0 = Debug|x64
		{2A2A57C7-6F3B-3B15-9527-9018549701BA}.Release|x64.ActiveCfg = Release|x64
		{2A2A57C7-6F3B-3B15-9527-9018549701BA}.Release|x64.Build.0 = Release|x64
		{2A2A57C7-6F3B-3B15-9527-9018549701BA}.MinSizeRel|x64.ActiveCfg = MinSizeRel|x64
		{2A2A57C7-6F3B-3B15-9527-9018549701BA}.MinSizeRel|x64.Build.0 = MinSizeRel|x64
		{2A2A57C7-6F3B-3B15-9527-9018549701BA}.RelWithDebInfo|x64.ActiveCfg = RelWithDebInfo|x64
		{2A2A57C7-6F3B-3B15-9527-9018549701BA}.RelWithDebInfo|x64.Build.0 = RelWithDebInfo|x64
		{CE1ED9B6-513F-3174-84A7-34CBA78B820D}.Debug|x64.ActiveCfg = Debug|x64
		{CE1ED9B6-513F-3174-84A7-34CBA78B820D}.Debug|x64.Build.0 = Debug|x64
		{CE1ED9B6-513F-3174-84A7-34CBA78B820D}.Release|x64.ActiveCfg = Release|x64
		{CE1ED9B6-513F-3174-84A7-34CBA78B820D}.Release|x64.Build.0 = Release|x64
		{CE1ED9B6-513F-3174-84A7-34CBA78B820D}.MinSizeRel|x64.ActiveCfg = MinSizeRel|x64
		{CE1ED9B6-513F-3174-84A7-34CBA78B820D}.MinSizeRel|x64.Build.0 = MinSizeRel|x64
		{CE1ED9B6-513F-3174-84A7-34CBA78B820D}.RelWithDebInfo|x64.ActiveCfg = RelWithDebInfo|x64
		{CE1ED9B6-513F-3174-84A7-34CBA78B820D}.RelWithDebInfo|x64.Build.0 = RelWithDebInfo|x64
		{C12F420E-6D2E-3AE1-AB26-2BA7EEB40D90}.Debug|x64.ActiveCfg = Debug|x64
		{C12F420E-6D2E-3AE1-AB26-2BA7EEB40D90}.Debug|x64.Build.0 = Debug|x64
		{C12F420E-6D2E-3AE1-AB26-2BA7EEB40D90}.Release|x64.ActiveCfg = Release|x64
		{C12F420E-6D2E-3AE1-AB26-2BA7EEB40D90}.Release|x64.Build.0 = Release|x64
		{C12F420E-6D2E-3AE1-AB26-2BA7EEB40D90}.MinSizeRel|x64.ActiveCfg = MinSizeRel|x64
		{C12F420E-6D2E-3AE1-AB26-2BA7EEB40D90}.MinSizeRel|x64.Build.0 = MinSizeRel|x64
		{C12F420E-6D2E-3AE1-AB26-2BA7EEB40D90}.RelWithDebInfo|x64.ActiveCfg = RelWithDebInfo|x64
		{C12F420E-6D2E-3AE1-AB26-2BA7EEB40D90}.RelWithDebInfo|x64.Build.0 = RelWithDebInfo|x64
	EndGlobalSection
	GlobalSection(ExtensibilityGlobals) = postSolution
		SolutionGuid = {1E15FB22-2064-3792-9EF6-C289FA864815}
	EndGlobalSection
	GlobalSection(ExtensibilityAddIns) = postSolution
	EndGlobalSection
EndGlobal
