<?xml version="1.0" encoding="utf-8"?>
<Project ToolsVersion="16.0" xmlns="http://schemas.microsoft.com/developer/msbuild/2003">
  <ItemGroup>
    <ClCompile Include="C:\Users\Arjan\Nextcloud\Elektrotechniek\S7\SmartScan porject\smart-scan-git\smart-scan\smart_scan_BLE\SmartScanCli\SmartScanCLI.cpp">
      <Filter>Source Files</Filter>
    </ClCompile>
  </ItemGroup>
  <ItemGroup>
    <ClInclude Include="C:\Users\Arjan\Nextcloud\Elektrotechniek\S7\SmartScan porject\smart-scan-git\smart-scan\smart_scan_BLE\SmartScanCli\SmartScanConfig.h">
      <Filter>Header Files</Filter>
    </ClInclude>
  </ItemGroup>
  <ItemGroup>
    <CustomBuild Include="C:\Users\Arjan\Nextcloud\Elektrotechniek\S7\SmartScan porject\smart-scan-git\smart-scan\smart_scan_BLE\CMakeLists.txt" />
  </ItemGroup>
  <ItemGroup>
    <Filter Include="Header Files">
      <UniqueIdentifier>{526B20AD-B7DF-37B5-9469-C201AEFACEE3}</UniqueIdentifier>
    </Filter>
    <Filter Include="Source Files">
      <UniqueIdentifier>{C083D74F-13CB-393A-966C-2DC88409C566}</UniqueIdentifier>
    </Filter>
  </ItemGroup>
</Project>
