<?xml version="1.0" encoding="utf-8"?>
<Project ToolsVersion="16.0" xmlns="http://schemas.microsoft.com/developer/msbuild/2003">
  <ItemGroup>
    <CustomBuild Include="D:\Smart_Glove_Project\Temp_folder\smart-scan\cmake_build\install_bin\CMakeFiles\afaaa9ad492bff8f7c06df839285b3c5\INSTALL_force.rule">
      <Filter>CMake Rules</Filter>
    </CustomBuild>
  </ItemGroup>
  <ItemGroup>
    <Filter Include="CMake Rules">
      <UniqueIdentifier>{F117B019-E4E7-3D82-B444-F8C0E6A0101F}</UniqueIdentifier>
    </Filter>
  </ItemGroup>
</Project>
