<?xml version="1.0" encoding="utf-8"?>
<Project ToolsVersion="16.0" xmlns="http://schemas.microsoft.com/developer/msbuild/2003">
  <ItemGroup>
    <ClCompile Include="D:\GitHub\smart-scan\smart_scan_BLE\SmartScanCli\SmartScanCLI.cpp">
      <Filter>Source Files</Filter>
    </ClCompile>
  </ItemGroup>
  <ItemGroup>
    <ClInclude Include="D:\GitHub\smart-scan\smart_scan_BLE\SmartScanCli\SmartScanConfig.h">
      <Filter>Header Files</Filter>
    </ClInclude>
  </ItemGroup>
  <ItemGroup>
    <CustomBuild Include="D:\GitHub\smart-scan\smart_scan_BLE\CMakeLists.txt" />
  </ItemGroup>
  <ItemGroup>
    <Filter Include="Header Files">
      <UniqueIdentifier>{F237B4B9-2413-34AD-B35D-F7B087C8FDBD}</UniqueIdentifier>
    </Filter>
    <Filter Include="Source Files">
      <UniqueIdentifier>{D3EB42B2-1FD7-36CD-A762-DF12CE1CFB29}</UniqueIdentifier>
    </Filter>
  </ItemGroup>
</Project>
