<?xml version="1.0" encoding="utf-8"?>
<Project ToolsVersion="17.0" xmlns="http://schemas.microsoft.com/developer/msbuild/2003">
  <ItemGroup>
    <ClCompile Include="D:\Github\smart-scan\smart_scan_BLE\SmartScanCli\SmartScanCLI.cpp">
      <Filter>Source Files</Filter>
    </ClCompile>
  </ItemGroup>
  <ItemGroup>
    <ClInclude Include="D:\Github\smart-scan\smart_scan_BLE\SmartScanCli\SmartScanConfig.h">
      <Filter>Header Files</Filter>
    </ClInclude>
  </ItemGroup>
  <ItemGroup>
    <CustomBuild Include="D:\Github\smart-scan\smart_scan_BLE\CMakeLists.txt" />
  </ItemGroup>
  <ItemGroup>
    <Filter Include="Header Files">
      <UniqueIdentifier>{D4D86C23-2BF1-3A3B-8F17-6009509C7253}</UniqueIdentifier>
    </Filter>
    <Filter Include="Source Files">
      <UniqueIdentifier>{BEF327C4-9A14-3E89-86EC-757B872F6308}</UniqueIdentifier>
    </Filter>
  </ItemGroup>
</Project>
