
Microsoft Visual Studio Solution File, Format Version 12.00
# Visual Studio Version 17
Project("{8BC9CEB8-8B4A-11D0-8D11-00A0C91BC942}") = "ALL_BUILD", "ALL_BUILD.vcxproj", "{EE19F7A6-5CD2-3666-A3A3-28A9B10ACACE}"
	ProjectSection(ProjectDependencies) = postProject
		{D2DB3E05-A999-35F1-BA16-DA2986B64AFA} = {D2DB3E05-A999-35F1-BA16-DA2986B64AFA}
		{EE1D7CFC-7A65-3F7B-9865-1DD9BCB6F749} = {EE1D7CFC-7A65-3F7B-9865-1DD9BCB6F749}
		{DFBF63C6-978E-3128-8C49-114D73C563A8} = {DFBF63C6-978E-3128-8C49-114D73C563A8}
		{F817D4CF-DD47-3018-A370-543AECC0BDC9} = {F817D4CF-DD47-3018-A370-543AECC0BDC9}
		{3D80E5CC-E9CA-3B45-8DCF-2212923E6A8E} = {3D80E5CC-E9CA-3B45-8DCF-2212923E6A8E}
		{CE13B7E7-E07F-3B27-B539-A1B1FA47BD57} = {CE13B7E7-E07F-3B27-B539-A1B1FA47BD57}
		{8DC23478-53FF-3B54-84BD-077A86BA2332} = {8DC23478-53FF-3B54-84BD-077A86BA2332}
	EndProjectSection
EndProject
Project("{8BC9CEB8-8B4A-11D0-8D11-00A0C91BC942}") = "ATC3DG64", "ATC3DG64\ATC3DG64.vcxproj", "{D2DB3E05-A999-35F1-BA16-DA2986B64AFA}"
	ProjectSection(ProjectDependencies) = postProject
		{DFBF63C6-978E-3128-8C49-114D73C563A8} = {DFBF63C6-978E-3128-8C49-114D73C563A8}
	EndProjectSection
EndProject
Project("{8BC9CEB8-8B4A-11D0-8D11-00A0C91BC942}") = "INSTALL", "INSTALL.vcxproj", "{590FADB0-FF64-39EB-86F5-9A18E4F80276}"
	ProjectSection(ProjectDependencies) = postProject
		{EE19F7A6-5CD2-3666-A3A3-28A9B10ACACE} = {EE19F7A6-5CD2-3666-A3A3-28A9B10ACACE}
		{DFBF63C6-978E-3128-8C49-114D73C563A8} = {DFBF63C6-978E-3128-8C49-114D73C563A8}
	EndProjectSection
EndProject
Project("{8BC9CEB8-8B4A-11D0-8D11-00A0C91BC942}") = "PACKAGE", "PACKAGE.vcxproj", "{43C3FBF2-F032-3963-B1F3-DD0EAFDDA616}"
	ProjectSection(ProjectDependencies) = postProject
		{EE19F7A6-5CD2-3666-A3A3-28A9B10ACACE} = {EE19F7A6-5CD2-3666-A3A3-28A9B10ACACE}
		{DFBF63C6-978E-3128-8C49-114D73C563A8} = {DFBF63C6-978E-3128-8C49-114D73C563A8}
	EndProjectSection
EndProject
Project("{8BC9CEB8-8B4A-11D0-8D11-00A0C91BC942}") = "SmartScanService", "SmartScanService\SmartScanService.vcxproj", "{EE1D7CFC-7A65-3F7B-9865-1DD9BCB6F749}"
	ProjectSection(ProjectDependencies) = postProject
		{DFBF63C6-978E-3128-8C49-114D73C563A8} = {DFBF63C6-978E-3128-8C49-114D73C563A8}
	EndProjectSection
EndProject
Project("{8BC9CEB8-8B4A-11D0-8D11-00A0C91BC942}") = "ZERO_CHECK", "ZERO_CHECK.vcxproj", "{DFBF63C6-978E-3128-8C49-114D73C563A8}"
	ProjectSection(ProjectDependencies) = postProject
	EndProjectSection
EndProject
Project("{8BC9CEB8-8B4A-11D0-8D11-00A0C91BC942}") = "fmt", "_deps\fmt-build\fmt.vcxproj", "{F817D4CF-DD47-3018-A370-543AECC0BDC9}"
	ProjectSection(ProjectDependencies) = postProject
		{DFBF63C6-978E-3128-8C49-114D73C563A8} = {DFBF63C6-978E-3128-8C49-114D73C563A8}
	EndProjectSection
EndProject
Project("{8BC9CEB8-8B4A-11D0-8D11-00A0C91BC942}") = "main", "main.vcxproj", "{3D80E5CC-E9CA-3B45-8DCF-2212923E6A8E}"
	ProjectSection(ProjectDependencies) = postProject
		{D2DB3E05-A999-35F1-BA16-DA2986B64AFA} = {D2DB3E05-A999-35F1-BA16-DA2986B64AFA}
		{EE1D7CFC-7A65-3F7B-9865-1DD9BCB6F749} = {EE1D7CFC-7A65-3F7B-9865-1DD9BCB6F749}
		{DFBF63C6-978E-3128-8C49-114D73C563A8} = {DFBF63C6-978E-3128-8C49-114D73C563A8}
		{CE13B7E7-E07F-3B27-B539-A1B1FA47BD57} = {CE13B7E7-E07F-3B27-B539-A1B1FA47BD57}
	EndProjectSection
EndProject
Project("{8BC9CEB8-8B4A-11D0-8D11-00A0C91BC942}") = "simpleble", "simpleble\simpleble.vcxproj", "{CE13B7E7-E07F-3B27-B539-A1B1FA47BD57}"
	ProjectSection(ProjectDependencies) = postProject
		{DFBF63C6-978E-3128-8C49-114D73C563A8} = {DFBF63C6-978E-3128-8C49-114D73C563A8}
	EndProjectSection
EndProject
Project("{8BC9CEB8-8B4A-11D0-8D11-00A0C91BC942}") = "simpleble-c", "simpleble\simpleble-c.vcxproj", "{8DC23478-53FF-3B54-84BD-077A86BA2332}"
	ProjectSection(ProjectDependencies) = postProject
		{DFBF63C6-978E-3128-8C49-114D73C563A8} = {DFBF63C6-978E-3128-8C49-114D73C563A8}
		{CE13B7E7-E07F-3B27-B539-A1B1FA47BD57} = {CE13B7E7-E07F-3B27-B539-A1B1FA47BD57}
	EndProjectSection
EndProject
Global
	GlobalSection(SolutionConfigurationPlatforms) = preSolution
		Debug|x64 = Debug|x64
		Release|x64 = Release|x64
		MinSizeRel|x64 = MinSizeRel|x64
		RelWithDebInfo|x64 = RelWithDebInfo|x64
	EndGlobalSection
	GlobalSection(ProjectConfigurationPlatforms) = postSolution
		{EE19F7A6-5CD2-3666-A3A3-28A9B10ACACE}.Debug|x64.ActiveCfg = Debug|x64
		{EE19F7A6-5CD2-3666-A3A3-28A9B10ACACE}.Debug|x64.Build.0 = Debug|x64
		{EE19F7A6-5CD2-3666-A3A3-28A9B10ACACE}.Release|x64.ActiveCfg = Release|x64
		{EE19F7A6-5CD2-3666-A3A3-28A9B10ACACE}.Release|x64.Build.0 = Release|x64
		{EE19F7A6-5CD2-3666-A3A3-28A9B10ACACE}.MinSizeRel|x64.ActiveCfg = MinSizeRel|x64
		{EE19F7A6-5CD2-3666-A3A3-28A9B10ACACE}.MinSizeRel|x64.Build.0 = MinSizeRel|x64
		{EE19F7A6-5CD2-3666-A3A3-28A9B10ACACE}.RelWithDebInfo|x64.ActiveCfg = RelWithDebInfo|x64
		{EE19F7A6-5CD2-3666-A3A3-28A9B10ACACE}.RelWithDebInfo|x64.Build.0 = RelWithDebInfo|x64
		{D2DB3E05-A999-35F1-BA16-DA2986B64AFA}.Debug|x64.ActiveCfg = Debug|x64
		{D2DB3E05-A999-35F1-BA16-DA2986B64AFA}.Debug|x64.Build.0 = Debug|x64
		{D2DB3E05-A999-35F1-BA16-DA2986B64AFA}.Release|x64.ActiveCfg = Release|x64
		{D2DB3E05-A999-35F1-BA16-DA2986B64AFA}.Release|x64.Build.0 = Release|x64
		{D2DB3E05-A999-35F1-BA16-DA2986B64AFA}.MinSizeRel|x64.ActiveCfg = MinSizeRel|x64
		{D2DB3E05-A999-35F1-BA16-DA2986B64AFA}.MinSizeRel|x64.Build.0 = MinSizeRel|x64
		{D2DB3E05-A999-35F1-BA16-DA2986B64AFA}.RelWithDebInfo|x64.ActiveCfg = RelWithDebInfo|x64
		{D2DB3E05-A999-35F1-BA16-DA2986B64AFA}.RelWithDebInfo|x64.Build.0 = RelWithDebInfo|x64
		{590FADB0-FF64-39EB-86F5-9A18E4F80276}.Debug|x64.ActiveCfg = Debug|x64
		{590FADB0-FF64-39EB-86F5-9A18E4F80276}.Release|x64.ActiveCfg = Release|x64
		{590FADB0-FF64-39EB-86F5-9A18E4F80276}.MinSizeRel|x64.ActiveCfg = MinSizeRel|x64
		{590FADB0-FF64-39EB-86F5-9A18E4F80276}.RelWithDebInfo|x64.ActiveCfg = RelWithDebInfo|x64
		{43C3FBF2-F032-3963-B1F3-DD0EAFDDA616}.Debug|x64.ActiveCfg = Debug|x64
		{43C3FBF2-F032-3963-B1F3-DD0EAFDDA616}.Release|x64.ActiveCfg = Release|x64
		{43C3FBF2-F032-3963-B1F3-DD0EAFDDA616}.MinSizeRel|x64.ActiveCfg = MinSizeRel|x64
		{43C3FBF2-F032-3963-B1F3-DD0EAFDDA616}.RelWithDebInfo|x64.ActiveCfg = RelWithDebInfo|x64
		{EE1D7CFC-7A65-3F7B-9865-1DD9BCB6F749}.Debug|x64.ActiveCfg = Debug|x64
		{EE1D7CFC-7A65-3F7B-9865-1DD9BCB6F749}.Debug|x64.Build.0 = Debug|x64
		{EE1D7CFC-7A65-3F7B-9865-1DD9BCB6F749}.Release|x64.ActiveCfg = Release|x64
		{EE1D7CFC-7A65-3F7B-9865-1DD9BCB6F749}.Release|x64.Build.0 = Release|x64
		{EE1D7CFC-7A65-3F7B-9865-1DD9BCB6F749}.MinSizeRel|x64.ActiveCfg = MinSizeRel|x64
		{EE1D7CFC-7A65-3F7B-9865-1DD9BCB6F749}.MinSizeRel|x64.Build.0 = MinSizeRel|x64
		{EE1D7CFC-7A65-3F7B-9865-1DD9BCB6F749}.RelWithDebInfo|x64.ActiveCfg = RelWithDebInfo|x64
		{EE1D7CFC-7A65-3F7B-9865-1DD9BCB6F749}.RelWithDebInfo|x64.Build.0 = RelWithDebInfo|x64
		{DFBF63C6-978E-3128-8C49-114D73C563A8}.Debug|x64.ActiveCfg = Debug|x64
		{DFBF63C6-978E-3128-8C49-114D73C563A8}.Debug|x64.Build.0 = Debug|x64
		{DFBF63C6-978E-3128-8C49-114D73C563A8}.Release|x64.ActiveCfg = Release|x64
		{DFBF63C6-978E-3128-8C49-114D73C563A8}.Release|x64.Build.0 = Release|x64
		{DFBF63C6-978E-3128-8C49-114D73C563A8}.MinSizeRel|x64.ActiveCfg = MinSizeRel|x64
		{DFBF63C6-978E-3128-8C49-114D73C563A8}.MinSizeRel|x64.Build.0 = MinSizeRel|x64
		{DFBF63C6-978E-3128-8C49-114D73C563A8}.RelWithDebInfo|x64.ActiveCfg = RelWithDebInfo|x64
		{DFBF63C6-978E-3128-8C49-114D73C563A8}.RelWithDebInfo|x64.Build.0 = RelWithDebInfo|x64
		{F817D4CF-DD47-3018-A370-543AECC0BDC9}.Debug|x64.ActiveCfg = Debug|x64
		{F817D4CF-DD47-3018-A370-543AECC0BDC9}.Debug|x64.Build.0 = Debug|x64
		{F817D4CF-DD47-3018-A370-543AECC0BDC9}.Release|x64.ActiveCfg = Release|x64
		{F817D4CF-DD47-3018-A370-543AECC0BDC9}.Release|x64.Build.0 = Release|x64
		{F817D4CF-DD47-3018-A370-543AECC0BDC9}.MinSizeRel|x64.ActiveCfg = MinSizeRel|x64
		{F817D4CF-DD47-3018-A370-543AECC0BDC9}.MinSizeRel|x64.Build.0 = MinSizeRel|x64
		{F817D4CF-DD47-3018-A370-543AECC0BDC9}.RelWithDebInfo|x64.ActiveCfg = RelWithDebInfo|x64
		{F817D4CF-DD47-3018-A370-543AECC0BDC9}.RelWithDebInfo|x64.Build.0 = RelWithDebInfo|x64
		{3D80E5CC-E9CA-3B45-8DCF-2212923E6A8E}.Debug|x64.ActiveCfg = Debug|x64
		{3D80E5CC-E9CA-3B45-8DCF-2212923E6A8E}.Debug|x64.Build.0 = Debug|x64
		{3D80E5CC-E9CA-3B45-8DCF-2212923E6A8E}.Release|x64.ActiveCfg = Release|x64
		{3D80E5CC-E9CA-3B45-8DCF-2212923E6A8E}.Release|x64.Build.0 = Release|x64
		{3D80E5CC-E9CA-3B45-8DCF-2212923E6A8E}.MinSizeRel|x64.ActiveCfg = MinSizeRel|x64
		{3D80E5CC-E9CA-3B45-8DCF-2212923E6A8E}.MinSizeRel|x64.Build.0 = MinSizeRel|x64
		{3D80E5CC-E9CA-3B45-8DCF-2212923E6A8E}.RelWithDebInfo|x64.ActiveCfg = RelWithDebInfo|x64
		{3D80E5CC-E9CA-3B45-8DCF-2212923E6A8E}.RelWithDebInfo|x64.Build.0 = RelWithDebInfo|x64
		{CE13B7E7-E07F-3B27-B539-A1B1FA47BD57}.Debug|x64.ActiveCfg = Debug|x64
		{CE13B7E7-E07F-3B27-B539-A1B1FA47BD57}.Debug|x64.Build.0 = Debug|x64
		{CE13B7E7-E07F-3B27-B539-A1B1FA47BD57}.Release|x64.ActiveCfg = Release|x64
		{CE13B7E7-E07F-3B27-B539-A1B1FA47BD57}.Release|x64.Build.0 = Release|x64
		{CE13B7E7-E07F-3B27-B539-A1B1FA47BD57}.MinSizeRel|x64.ActiveCfg = MinSizeRel|x64
		{CE13B7E7-E07F-3B27-B539-A1B1FA47BD57}.MinSizeRel|x64.Build.0 = MinSizeRel|x64
		{CE13B7E7-E07F-3B27-B539-A1B1FA47BD57}.RelWithDebInfo|x64.ActiveCfg = RelWithDebInfo|x64
		{CE13B7E7-E07F-3B27-B539-A1B1FA47BD57}.RelWithDebInfo|x64.Build.0 = RelWithDebInfo|x64
		{8DC23478-53FF-3B54-84BD-077A86BA2332}.Debug|x64.ActiveCfg = Debug|x64
		{8DC23478-53FF-3B54-84BD-077A86BA2332}.Debug|x64.Build.0 = Debug|x64
		{8DC23478-53FF-3B54-84BD-077A86BA2332}.Release|x64.ActiveCfg = Release|x64
		{8DC23478-53FF-3B54-84BD-077A86BA2332}.Release|x64.Build.0 = Release|x64
		{8DC23478-53FF-3B54-84BD-077A86BA2332}.MinSizeRel|x64.ActiveCfg = MinSizeRel|x64
		{8DC23478-53FF-3B54-84BD-077A86BA2332}.MinSizeRel|x64.Build.0 = MinSizeRel|x64
		{8DC23478-53FF-3B54-84BD-077A86BA2332}.RelWithDebInfo|x64.ActiveCfg = RelWithDebInfo|x64
		{8DC23478-53FF-3B54-84BD-077A86BA2332}.RelWithDebInfo|x64.Build.0 = RelWithDebInfo|x64
	EndGlobalSection
	GlobalSection(ExtensibilityGlobals) = postSolution
		SolutionGuid = {BA2CD37A-2C6C-3829-B8E6-FE8F8B20152E}
	EndGlobalSection
	GlobalSection(ExtensibilityAddIns) = postSolution
	EndGlobalSection
EndGlobal
