
Microsoft Visual Studio Solution File, Format Version 12.00
# Visual Studio Version 16
Project("{8BC9CEB8-8B4A-11D0-8D11-00A0C91BC942}") = "ALL_BUILD", "ALL_BUILD.vcxproj", "{6079CF1C-90D7-3149-ABE9-763C199E2A2F}"
	ProjectSection(ProjectDependencies) = postProject
		{B9F38DEA-8654-35AA-86B0-258E7E0E42D4} = {B9F38DEA-8654-35AA-86B0-258E7E0E42D4}
		{FCAED9F1-D702-30A1-8D7A-7948F3DB6249} = {FCAED9F1-D702-30A1-8D7A-7948F3DB6249}
		{8269A060-FE21-3AA7-AC46-0E8BDFA8DD0D} = {8269A060-FE21-3AA7-AC46-0E8BDFA8DD0D}
		{46C8B555-E07F-35C6-A984-47AD34EC6B37} = {46C8B555-E07F-35C6-A984-47AD34EC6B37}
		{7E66D7F6-08AD-3A44-8F43-4F3A3A49D9D3} = {7E66D7F6-08AD-3A44-8F43-4F3A3A49D9D3}
		{1FE2A34B-5621-389C-B527-5C2D2ABF6940} = {1FE2A34B-5621-389C-B527-5C2D2ABF6940}
		{45A025C1-6E5F-33F9-9C41-F0B0362BEA81} = {45A025C1-6E5F-33F9-9C41-F0B0362BEA81}
	EndProjectSection
EndProject
Project("{8BC9CEB8-8B4A-11D0-8D11-00A0C91BC942}") = "INSTALL", "INSTALL.vcxproj", "{9917D959-C8BA-3FB5-AFC8-63C549C61543}"
	ProjectSection(ProjectDependencies) = postProject
		{6079CF1C-90D7-3149-ABE9-763C199E2A2F} = {6079CF1C-90D7-3149-ABE9-763C199E2A2F}
		{FCAED9F1-D702-30A1-8D7A-7948F3DB6249} = {FCAED9F1-D702-30A1-8D7A-7948F3DB6249}
	EndProjectSection
EndProject
Project("{8BC9CEB8-8B4A-11D0-8D11-00A0C91BC942}") = "SmartScanService", "SmartScanService\SmartScanService.vcxproj", "{B9F38DEA-8654-35AA-86B0-258E7E0E42D4}"
	ProjectSection(ProjectDependencies) = postProject
		{FCAED9F1-D702-30A1-8D7A-7948F3DB6249} = {FCAED9F1-D702-30A1-8D7A-7948F3DB6249}
	EndProjectSection
EndProject
Project("{8BC9CEB8-8B4A-11D0-8D11-00A0C91BC942}") = "ZERO_CHECK", "ZERO_CHECK.vcxproj", "{FCAED9F1-D702-30A1-8D7A-7948F3DB6249}"
	ProjectSection(ProjectDependencies) = postProject
	EndProjectSection
EndProject
Project("{8BC9CEB8-8B4A-11D0-8D11-00A0C91BC942}") = "atlib", "Build\atlib.vcxproj", "{8269A060-FE21-3AA7-AC46-0E8BDFA8DD0D}"
	ProjectSection(ProjectDependencies) = postProject
		{FCAED9F1-D702-30A1-8D7A-7948F3DB6249} = {FCAED9F1-D702-30A1-8D7A-7948F3DB6249}
	EndProjectSection
EndProject
Project("{8BC9CEB8-8B4A-11D0-8D11-00A0C91BC942}") = "fmt", "_deps\fmt-build\fmt.vcxproj", "{46C8B555-E07F-35C6-A984-47AD34EC6B37}"
	ProjectSection(ProjectDependencies) = postProject
		{FCAED9F1-D702-30A1-8D7A-7948F3DB6249} = {FCAED9F1-D702-30A1-8D7A-7948F3DB6249}
	EndProjectSection
EndProject
Project("{8BC9CEB8-8B4A-11D0-8D11-00A0C91BC942}") = "main", "main.vcxproj", "{7E66D7F6-08AD-3A44-8F43-4F3A3A49D9D3}"
	ProjectSection(ProjectDependencies) = postProject
		{B9F38DEA-8654-35AA-86B0-258E7E0E42D4} = {B9F38DEA-8654-35AA-86B0-258E7E0E42D4}
		{FCAED9F1-D702-30A1-8D7A-7948F3DB6249} = {FCAED9F1-D702-30A1-8D7A-7948F3DB6249}
		{1FE2A34B-5621-389C-B527-5C2D2ABF6940} = {1FE2A34B-5621-389C-B527-5C2D2ABF6940}
	EndProjectSection
EndProject
Project("{8BC9CEB8-8B4A-11D0-8D11-00A0C91BC942}") = "simpleble", "simpleble\simpleble.vcxproj", "{1FE2A34B-5621-389C-B527-5C2D2ABF6940}"
	ProjectSection(ProjectDependencies) = postProject
		{FCAED9F1-D702-30A1-8D7A-7948F3DB6249} = {FCAED9F1-D702-30A1-8D7A-7948F3DB6249}
	EndProjectSection
EndProject
Project("{8BC9CEB8-8B4A-11D0-8D11-00A0C91BC942}") = "simpleble-c", "simpleble\simpleble-c.vcxproj", "{45A025C1-6E5F-33F9-9C41-F0B0362BEA81}"
	ProjectSection(ProjectDependencies) = postProject
		{FCAED9F1-D702-30A1-8D7A-7948F3DB6249} = {FCAED9F1-D702-30A1-8D7A-7948F3DB6249}
		{1FE2A34B-5621-389C-B527-5C2D2ABF6940} = {1FE2A34B-5621-389C-B527-5C2D2ABF6940}
	EndProjectSection
EndProject
Global
	GlobalSection(SolutionConfigurationPlatforms) = preSolution
		Debug|x64 = Debug|x64
		Release|x64 = Release|x64
		MinSizeRel|x64 = MinSizeRel|x64
		RelWithDebInfo|x64 = RelWithDebInfo|x64
	EndGlobalSection
	GlobalSection(ProjectConfigurationPlatforms) = postSolution
		{6079CF1C-90D7-3149-ABE9-763C199E2A2F}.Debug|x64.ActiveCfg = Debug|x64
		{6079CF1C-90D7-3149-ABE9-763C199E2A2F}.Debug|x64.Build.0 = Debug|x64
		{6079CF1C-90D7-3149-ABE9-763C199E2A2F}.Release|x64.ActiveCfg = Release|x64
		{6079CF1C-90D7-3149-ABE9-763C199E2A2F}.Release|x64.Build.0 = Release|x64
		{6079CF1C-90D7-3149-ABE9-763C199E2A2F}.MinSizeRel|x64.ActiveCfg = MinSizeRel|x64
		{6079CF1C-90D7-3149-ABE9-763C199E2A2F}.MinSizeRel|x64.Build.0 = MinSizeRel|x64
		{6079CF1C-90D7-3149-ABE9-763C199E2A2F}.RelWithDebInfo|x64.ActiveCfg = RelWithDebInfo|x64
		{6079CF1C-90D7-3149-ABE9-763C199E2A2F}.RelWithDebInfo|x64.Build.0 = RelWithDebInfo|x64
		{9917D959-C8BA-3FB5-AFC8-63C549C61543}.Debug|x64.ActiveCfg = Debug|x64
		{9917D959-C8BA-3FB5-AFC8-63C549C61543}.Release|x64.ActiveCfg = Release|x64
		{9917D959-C8BA-3FB5-AFC8-63C549C61543}.MinSizeRel|x64.ActiveCfg = MinSizeRel|x64
		{9917D959-C8BA-3FB5-AFC8-63C549C61543}.RelWithDebInfo|x64.ActiveCfg = RelWithDebInfo|x64
		{B9F38DEA-8654-35AA-86B0-258E7E0E42D4}.Debug|x64.ActiveCfg = Debug|x64
		{B9F38DEA-8654-35AA-86B0-258E7E0E42D4}.Debug|x64.Build.0 = Debug|x64
		{B9F38DEA-8654-35AA-86B0-258E7E0E42D4}.Release|x64.ActiveCfg = Release|x64
		{B9F38DEA-8654-35AA-86B0-258E7E0E42D4}.Release|x64.Build.0 = Release|x64
		{B9F38DEA-8654-35AA-86B0-258E7E0E42D4}.MinSizeRel|x64.ActiveCfg = MinSizeRel|x64
		{B9F38DEA-8654-35AA-86B0-258E7E0E42D4}.MinSizeRel|x64.Build.0 = MinSizeRel|x64
		{B9F38DEA-8654-35AA-86B0-258E7E0E42D4}.RelWithDebInfo|x64.ActiveCfg = RelWithDebInfo|x64
		{B9F38DEA-8654-35AA-86B0-258E7E0E42D4}.RelWithDebInfo|x64.Build.0 = RelWithDebInfo|x64
		{FCAED9F1-D702-30A1-8D7A-7948F3DB6249}.Debug|x64.ActiveCfg = Debug|x64
		{FCAED9F1-D702-30A1-8D7A-7948F3DB6249}.Debug|x64.Build.0 = Debug|x64
		{FCAED9F1-D702-30A1-8D7A-7948F3DB6249}.Release|x64.ActiveCfg = Release|x64
		{FCAED9F1-D702-30A1-8D7A-7948F3DB6249}.Release|x64.Build.0 = Release|x64
		{FCAED9F1-D702-30A1-8D7A-7948F3DB6249}.MinSizeRel|x64.ActiveCfg = MinSizeRel|x64
		{FCAED9F1-D702-30A1-8D7A-7948F3DB6249}.MinSizeRel|x64.Build.0 = MinSizeRel|x64
		{FCAED9F1-D702-30A1-8D7A-7948F3DB6249}.RelWithDebInfo|x64.ActiveCfg = RelWithDebInfo|x64
		{FCAED9F1-D702-30A1-8D7A-7948F3DB6249}.RelWithDebInfo|x64.Build.0 = RelWithDebInfo|x64
		{8269A060-FE21-3AA7-AC46-0E8BDFA8DD0D}.Debug|x64.ActiveCfg = Debug|x64
		{8269A060-FE21-3AA7-AC46-0E8BDFA8DD0D}.Debug|x64.Build.0 = Debug|x64
		{8269A060-FE21-3AA7-AC46-0E8BDFA8DD0D}.Release|x64.ActiveCfg = Release|x64
		{8269A060-FE21-3AA7-AC46-0E8BDFA8DD0D}.Release|x64.Build.0 = Release|x64
		{8269A060-FE21-3AA7-AC46-0E8BDFA8DD0D}.MinSizeRel|x64.ActiveCfg = MinSizeRel|x64
		{8269A060-FE21-3AA7-AC46-0E8BDFA8DD0D}.MinSizeRel|x64.Build.0 = MinSizeRel|x64
		{8269A060-FE21-3AA7-AC46-0E8BDFA8DD0D}.RelWithDebInfo|x64.ActiveCfg = RelWithDebInfo|x64
		{8269A060-FE21-3AA7-AC46-0E8BDFA8DD0D}.RelWithDebInfo|x64.Build.0 = RelWithDebInfo|x64
		{46C8B555-E07F-35C6-A984-47AD34EC6B37}.Debug|x64.ActiveCfg = Debug|x64
		{46C8B555-E07F-35C6-A984-47AD34EC6B37}.Debug|x64.Build.0 = Debug|x64
		{46C8B555-E07F-35C6-A984-47AD34EC6B37}.Release|x64.ActiveCfg = Release|x64
		{46C8B555-E07F-35C6-A984-47AD34EC6B37}.Release|x64.Build.0 = Release|x64
		{46C8B555-E07F-35C6-A984-47AD34EC6B37}.MinSizeRel|x64.ActiveCfg = MinSizeRel|x64
		{46C8B555-E07F-35C6-A984-47AD34EC6B37}.MinSizeRel|x64.Build.0 = MinSizeRel|x64
		{46C8B555-E07F-35C6-A984-47AD34EC6B37}.RelWithDebInfo|x64.ActiveCfg = RelWithDebInfo|x64
		{46C8B555-E07F-35C6-A984-47AD34EC6B37}.RelWithDebInfo|x64.Build.0 = RelWithDebInfo|x64
		{7E66D7F6-08AD-3A44-8F43-4F3A3A49D9D3}.Debug|x64.ActiveCfg = Debug|x64
		{7E66D7F6-08AD-3A44-8F43-4F3A3A49D9D3}.Debug|x64.Build.0 = Debug|x64
		{7E66D7F6-08AD-3A44-8F43-4F3A3A49D9D3}.Release|x64.ActiveCfg = Release|x64
		{7E66D7F6-08AD-3A44-8F43-4F3A3A49D9D3}.Release|x64.Build.0 = Release|x64
		{7E66D7F6-08AD-3A44-8F43-4F3A3A49D9D3}.MinSizeRel|x64.ActiveCfg = MinSizeRel|x64
		{7E66D7F6-08AD-3A44-8F43-4F3A3A49D9D3}.MinSizeRel|x64.Build.0 = MinSizeRel|x64
		{7E66D7F6-08AD-3A44-8F43-4F3A3A49D9D3}.RelWithDebInfo|x64.ActiveCfg = RelWithDebInfo|x64
		{7E66D7F6-08AD-3A44-8F43-4F3A3A49D9D3}.RelWithDebInfo|x64.Build.0 = RelWithDebInfo|x64
		{1FE2A34B-5621-389C-B527-5C2D2ABF6940}.Debug|x64.ActiveCfg = Debug|x64
		{1FE2A34B-5621-389C-B527-5C2D2ABF6940}.Debug|x64.Build.0 = Debug|x64
		{1FE2A34B-5621-389C-B527-5C2D2ABF6940}.Release|x64.ActiveCfg = Release|x64
		{1FE2A34B-5621-389C-B527-5C2D2ABF6940}.Release|x64.Build.0 = Release|x64
		{1FE2A34B-5621-389C-B527-5C2D2ABF6940}.MinSizeRel|x64.ActiveCfg = MinSizeRel|x64
		{1FE2A34B-5621-389C-B527-5C2D2ABF6940}.MinSizeRel|x64.Build.0 = MinSizeRel|x64
		{1FE2A34B-5621-389C-B527-5C2D2ABF6940}.RelWithDebInfo|x64.ActiveCfg = RelWithDebInfo|x64
		{1FE2A34B-5621-389C-B527-5C2D2ABF6940}.RelWithDebInfo|x64.Build.0 = RelWithDebInfo|x64
		{45A025C1-6E5F-33F9-9C41-F0B0362BEA81}.Debug|x64.ActiveCfg = Debug|x64
		{45A025C1-6E5F-33F9-9C41-F0B0362BEA81}.Debug|x64.Build.0 = Debug|x64
		{45A025C1-6E5F-33F9-9C41-F0B0362BEA81}.Release|x64.ActiveCfg = Release|x64
		{45A025C1-6E5F-33F9-9C41-F0B0362BEA81}.Release|x64.Build.0 = Release|x64
		{45A025C1-6E5F-33F9-9C41-F0B0362BEA81}.MinSizeRel|x64.ActiveCfg = MinSizeRel|x64
		{45A025C1-6E5F-33F9-9C41-F0B0362BEA81}.MinSizeRel|x64.Build.0 = MinSizeRel|x64
		{45A025C1-6E5F-33F9-9C41-F0B0362BEA81}.RelWithDebInfo|x64.ActiveCfg = RelWithDebInfo|x64
		{45A025C1-6E5F-33F9-9C41-F0B0362BEA81}.RelWithDebInfo|x64.Build.0 = RelWithDebInfo|x64
	EndGlobalSection
	GlobalSection(ExtensibilityGlobals) = postSolution
		SolutionGuid = {B1CCF919-92D0-375F-8375-D73B8A2E862E}
	EndGlobalSection
	GlobalSection(ExtensibilityAddIns) = postSolution
	EndGlobalSection
EndGlobal
