<?xml version="1.0" encoding="utf-8"?>
<Project ToolsVersion="17.0" xmlns="http://schemas.microsoft.com/developer/msbuild/2003">
  <ItemGroup>
    <ClCompile Include="D:\Github\smart-scan\cmake_build\smart_scan_reformatted_V2\SmartScanCli\SmartScanCLI.cpp">
      <Filter>Source Files</Filter>
    </ClCompile>
  </ItemGroup>
  <ItemGroup>
    <ClInclude Include="D:\Github\smart-scan\cmake_build\smart_scan_reformatted_V2\SmartScanCli\SmartScanConfig.h">
      <Filter>Header Files</Filter>
    </ClInclude>
  </ItemGroup>
  <ItemGroup>
    <CustomBuild Include="D:\Github\smart-scan\cmake_build\smart_scan_reformatted_V2\CMakeLists.txt" />
  </ItemGroup>
  <ItemGroup>
    <Filter Include="Header Files">
      <UniqueIdentifier>{BC9C3374-BA3E-3FB4-B8CB-0B5319A218D2}</UniqueIdentifier>
    </Filter>
    <Filter Include="Source Files">
      <UniqueIdentifier>{9EA0D615-BE3F-3045-AFFA-AD926C69CE76}</UniqueIdentifier>
    </Filter>
  </ItemGroup>
</Project>
