<?xml version="1.0" encoding="utf-8"?>
<Project ToolsVersion="16.0" xmlns="http://schemas.microsoft.com/developer/msbuild/2003">
  <ItemGroup>
    <ClCompile Include="D:\Smart_Glove_Project\Temp_folder\smart-scan\cmake_build\smart_scan_reformatted\lib_simpleble_install\simpleble\src\frontends\base\Adapter.cpp">
      <Filter>Source Files</Filter>
    </ClCompile>
    <ClCompile Include="D:\Smart_Glove_Project\Temp_folder\smart-scan\cmake_build\smart_scan_reformatted\lib_simpleble_install\simpleble\src\frontends\base\Peripheral.cpp">
      <Filter>Source Files</Filter>
    </ClCompile>
    <ClCompile Include="D:\Smart_Glove_Project\Temp_folder\smart-scan\cmake_build\smart_scan_reformatted\lib_simpleble_install\simpleble\src\frontends\base\Service.cpp">
      <Filter>Source Files</Filter>
    </ClCompile>
    <ClCompile Include="D:\Smart_Glove_Project\Temp_folder\smart-scan\cmake_build\smart_scan_reformatted\lib_simpleble_install\simpleble\src\frontends\base\Characteristic.cpp">
      <Filter>Source Files</Filter>
    </ClCompile>
    <ClCompile Include="D:\Smart_Glove_Project\Temp_folder\smart-scan\cmake_build\smart_scan_reformatted\lib_simpleble_install\simpleble\src\frontends\base\Descriptor.cpp">
      <Filter>Source Files</Filter>
    </ClCompile>
    <ClCompile Include="D:\Smart_Glove_Project\Temp_folder\smart-scan\cmake_build\smart_scan_reformatted\lib_simpleble_install\simpleble\src\backends\common\ServiceBase.cpp">
      <Filter>Source Files</Filter>
    </ClCompile>
    <ClCompile Include="D:\Smart_Glove_Project\Temp_folder\smart-scan\cmake_build\smart_scan_reformatted\lib_simpleble_install\simpleble\src\backends\common\CharacteristicBase.cpp">
      <Filter>Source Files</Filter>
    </ClCompile>
    <ClCompile Include="D:\Smart_Glove_Project\Temp_folder\smart-scan\cmake_build\smart_scan_reformatted\lib_simpleble_install\simpleble\src\backends\common\DescriptorBase.cpp">
      <Filter>Source Files</Filter>
    </ClCompile>
    <ClCompile Include="D:\Smart_Glove_Project\Temp_folder\smart-scan\cmake_build\smart_scan_reformatted\lib_simpleble_install\simpleble\src\Exceptions.cpp">
      <Filter>Source Files</Filter>
    </ClCompile>
    <ClCompile Include="D:\Smart_Glove_Project\Temp_folder\smart-scan\cmake_build\smart_scan_reformatted\lib_simpleble_install\simpleble\src\Utils.cpp">
      <Filter>Source Files</Filter>
    </ClCompile>
    <ClCompile Include="D:\Smart_Glove_Project\Temp_folder\smart-scan\cmake_build\smart_scan_reformatted\lib_simpleble_install\simpleble\src\Logging.cpp">
      <Filter>Source Files</Filter>
    </ClCompile>
    <ClCompile Include="D:\Smart_Glove_Project\Temp_folder\smart-scan\cmake_build\smart_scan_reformatted\lib_simpleble_install\simpleble\src\frontends\safe\AdapterSafe.cpp">
      <Filter>Source Files</Filter>
    </ClCompile>
    <ClCompile Include="D:\Smart_Glove_Project\Temp_folder\smart-scan\cmake_build\smart_scan_reformatted\lib_simpleble_install\simpleble\src\frontends\safe\PeripheralSafe.cpp">
      <Filter>Source Files</Filter>
    </ClCompile>
    <ClCompile Include="D:\Smart_Glove_Project\Temp_folder\smart-scan\cmake_build\smart_scan_reformatted\lib_simpleble_install\simpleble\src\builders\AdapterBuilder.cpp">
      <Filter>Source Files</Filter>
    </ClCompile>
    <ClCompile Include="D:\Smart_Glove_Project\Temp_folder\smart-scan\cmake_build\smart_scan_reformatted\lib_simpleble_install\simpleble\src\builders\PeripheralBuilder.cpp">
      <Filter>Source Files</Filter>
    </ClCompile>
    <ClCompile Include="D:\Smart_Glove_Project\Temp_folder\smart-scan\cmake_build\smart_scan_reformatted\lib_simpleble_install\simpleble\src\builders\ServiceBuilder.cpp">
      <Filter>Source Files</Filter>
    </ClCompile>
    <ClCompile Include="D:\Smart_Glove_Project\Temp_folder\smart-scan\cmake_build\smart_scan_reformatted\lib_simpleble_install\simpleble\src\builders\CharacteristicBuilder.cpp">
      <Filter>Source Files</Filter>
    </ClCompile>
    <ClCompile Include="D:\Smart_Glove_Project\Temp_folder\smart-scan\cmake_build\smart_scan_reformatted\lib_simpleble_install\simpleble\src\builders\DescriptorBuilder.cpp">
      <Filter>Source Files</Filter>
    </ClCompile>
    <ClCompile Include="D:\Smart_Glove_Project\Temp_folder\smart-scan\cmake_build\smart_scan_reformatted\lib_simpleble_install\simpleble\src\backends\windows\AdapterBase.cpp">
      <Filter>Source Files</Filter>
    </ClCompile>
    <ClCompile Include="D:\Smart_Glove_Project\Temp_folder\smart-scan\cmake_build\smart_scan_reformatted\lib_simpleble_install\simpleble\src\backends\windows\PeripheralBase.cpp">
      <Filter>Source Files</Filter>
    </ClCompile>
    <ClCompile Include="D:\Smart_Glove_Project\Temp_folder\smart-scan\cmake_build\smart_scan_reformatted\lib_simpleble_install\simpleble\src\backends\windows\Utils.cpp">
      <Filter>Source Files</Filter>
    </ClCompile>
  </ItemGroup>
  <ItemGroup>
    <CustomBuild Include="D:\Smart_Glove_Project\Temp_folder\smart-scan\cmake_build\smart_scan_reformatted\lib_simpleble_install\simpleble\CMakeLists.txt" />
  </ItemGroup>
  <ItemGroup>
    <Filter Include="Source Files">
      <UniqueIdentifier>{D0BABA8C-1B17-3CD9-9185-86D1EC4FA88D}</UniqueIdentifier>
    </Filter>
  </ItemGroup>
</Project>
