<?xml version="1.0" encoding="utf-8"?>
<Project ToolsVersion="17.0" xmlns="http://schemas.microsoft.com/developer/msbuild/2003">
  <ItemGroup>
    <CustomBuild Include="D:\Github\smart-scan\cmake_build\install_bin\CMakeFiles\e6f92bf2f8522037d02b15871b43b15b\INSTALL_force.rule">
      <Filter>CMake Rules</Filter>
    </CustomBuild>
  </ItemGroup>
  <ItemGroup>
    <Filter Include="CMake Rules">
      <UniqueIdentifier>{F0435B14-81EE-3C4F-9B12-CC82FECD9C71}</UniqueIdentifier>
    </Filter>
  </ItemGroup>
</Project>
