<?xml version="1.0" encoding="utf-8"?>
<Project ToolsVersion="17.0" xmlns="http://schemas.microsoft.com/developer/msbuild/2003">
  <ItemGroup>
    <ClCompile Include="D:\Github\smart-scan\cmake_build\smart_scan_reformatted_V2\SmartScanService\src\CSVExport.cpp">
      <Filter>Source Files</Filter>
    </ClCompile>
    <ClCompile Include="D:\Github\smart-scan\cmake_build\smart_scan_reformatted_V2\SmartScanService\src\DataAcquisition.cpp">
      <Filter>Source Files</Filter>
    </ClCompile>
    <ClCompile Include="D:\Github\smart-scan\cmake_build\smart_scan_reformatted_V2\SmartScanService\src\Point3.cpp">
      <Filter>Source Files</Filter>
    </ClCompile>
    <ClCompile Include="D:\Github\smart-scan\cmake_build\smart_scan_reformatted_V2\SmartScanService\src\Scan.cpp">
      <Filter>Source Files</Filter>
    </ClCompile>
    <ClCompile Include="D:\Github\smart-scan\cmake_build\smart_scan_reformatted_V2\SmartScanService\src\SmartScanService.cpp">
      <Filter>Source Files</Filter>
    </ClCompile>
    <ClCompile Include="D:\Github\smart-scan\cmake_build\smart_scan_reformatted_V2\SmartScanService\src\TrakStarController.cpp">
      <Filter>Source Files</Filter>
    </ClCompile>
    <ClCompile Include="D:\Github\smart-scan\cmake_build\smart_scan_reformatted_V2\SmartScanService\src\Trigger.cpp">
      <Filter>Source Files</Filter>
    </ClCompile>
  </ItemGroup>
  <ItemGroup>
    <ClInclude Include="D:\Github\smart-scan\cmake_build\smart_scan_reformatted_V2\SmartScanService\inc\ATC3DG.h">
      <Filter>Header Files</Filter>
    </ClInclude>
    <ClInclude Include="D:\Github\smart-scan\cmake_build\smart_scan_reformatted_V2\SmartScanService\inc\CSVExport.h">
      <Filter>Header Files</Filter>
    </ClInclude>
    <ClInclude Include="D:\Github\smart-scan\cmake_build\smart_scan_reformatted_V2\SmartScanService\inc\DataAcquisition.h">
      <Filter>Header Files</Filter>
    </ClInclude>
    <ClInclude Include="D:\Github\smart-scan\cmake_build\smart_scan_reformatted_V2\SmartScanService\inc\Exceptions.h">
      <Filter>Header Files</Filter>
    </ClInclude>
    <ClInclude Include="D:\Github\smart-scan\cmake_build\smart_scan_reformatted_V2\SmartScanService\inc\Point3.h">
      <Filter>Header Files</Filter>
    </ClInclude>
    <ClInclude Include="D:\Github\smart-scan\cmake_build\smart_scan_reformatted_V2\SmartScanService\inc\Scan.h">
      <Filter>Header Files</Filter>
    </ClInclude>
    <ClInclude Include="D:\Github\smart-scan\cmake_build\smart_scan_reformatted_V2\SmartScanService\inc\TrakStarController.h">
      <Filter>Header Files</Filter>
    </ClInclude>
    <ClInclude Include="D:\Github\smart-scan\cmake_build\smart_scan_reformatted_V2\SmartScanService\inc\SmartScanService.h">
      <Filter>Header Files</Filter>
    </ClInclude>
    <ClInclude Include="D:\Github\smart-scan\cmake_build\smart_scan_reformatted_V2\SmartScanService\inc\Trigger.h">
      <Filter>Header Files</Filter>
    </ClInclude>
  </ItemGroup>
  <ItemGroup>
    <CustomBuild Include="D:\Github\smart-scan\cmake_build\smart_scan_reformatted_V2\SmartScanService\CMakeLists.txt" />
  </ItemGroup>
  <ItemGroup>
    <Filter Include="Header Files">
      <UniqueIdentifier>{BC9C3374-BA3E-3FB4-B8CB-0B5319A218D2}</UniqueIdentifier>
    </Filter>
    <Filter Include="Source Files">
      <UniqueIdentifier>{9EA0D615-BE3F-3045-AFFA-AD926C69CE76}</UniqueIdentifier>
    </Filter>
  </ItemGroup>
</Project>
