<?xml version="1.0" encoding="utf-8"?>
<Project ToolsVersion="16.0" xmlns="http://schemas.microsoft.com/developer/msbuild/2003">
  <ItemGroup>
    <CustomBuild Include="D:\GitHub\smart-scan\cmake_build\install_bin_desktop\CMakeFiles\75298046be97d37e263a9d7703fbb936\INSTALL_force.rule">
      <Filter>CMake Rules</Filter>
    </CustomBuild>
  </ItemGroup>
  <ItemGroup>
    <Filter Include="CMake Rules">
      <UniqueIdentifier>{E8252D4A-95B0-3DFE-B8B2-2F300F3A7F3E}</UniqueIdentifier>
    </Filter>
  </ItemGroup>
</Project>
